{
  "name": "vcad-render-api",
  "version": "1.0.0",
  "lockfileVersion": 3,
  "requires": true,
  "packages": {
    "": {
      "name": "vcad-render-api",
      "version": "1.0.0",
      "dependencies": {
        "@vcad/kernel-wasm": "file:./kernel-wasm"
      }
    },
    "kernel-wasm": {
      "name": "vcad-kernel-wasm",
      "version": "0.8.0",
      "license": "MIT"
    },
    "node_modules/@vcad/kernel-wasm": {
      "resolved": "kernel-wasm",
      "link": true
    }
  }
}
